<?xml version="1.0" encoding="utf-8"?>
<Project ToolsVersion="4.0" xmlns="http://schemas.microsoft.com/developer/msbuild/2003">
  <ItemGroup>
    <Filter Include="input">
      <UniqueIdentifier>{8bf3e6c6-d6f5-464b-b5a8-90cc8be8df76}</UniqueIdentifier>
    </Filter>
    <Filter Include="math">
      <UniqueIdentifier>{bb4f543d-577a-43fa-994c-be6448ea4f70}</UniqueIdentifier>
    </Filter>
    <Filter Include="debug">
      <UniqueIdentifier>{a2a2e180-7784-466e-9753-7da75a6ee6a2}</UniqueIdentifier>
    </Filter>
    <Filter Include="app">
      <UniqueIdentifier>{2bcfe029-81c7-44e2-a144-a350fb5c2957}</UniqueIdentifier>
    </Filter>
    <Filter Include="util">
      <UniqueIdentifier>{a75cc59d-a01a-4586-b3a1-91be5033cab3}</UniqueIdentifier>
    </Filter>
    <Filter Include="content">
      <UniqueIdentifier>{9c283b10-e81a-446b-90a7-115c1608c573}</UniqueIdentifier>
    </Filter>
    <Filter Include="data">
      <UniqueIdentifier>{854ed581-cb8e-455b-a627-97944c9fa79a}</UniqueIdentifier>
    </Filter>
    <Filter Include="cli">
      <UniqueIdentifier>{667387be-abe0-40cf-963e-d9e43118d220}</UniqueIdentifier>
    </Filter>
    <Filter Include="functional">
      <UniqueIdentifier>{081d964b-87da-4776-b7fb-ec8c124f480d}</UniqueIdentifier>
    </Filter>
    <Filter Include="graphics">
      <UniqueIdentifier>{90800750-eab4-4a6a-bb05-aef84bbdace5}</UniqueIdentifier>
    </Filter>
    <Filter Include="graphics\opengl">
      <UniqueIdentifier>{e2cf685c-61e2-434d-b8f5-8db67021cecf}</UniqueIdentifier>
    </Filter>
    <Filter Include="graphics\opengl\enum">
      <UniqueIdentifier>{5beca120-44b3-4c9e-a127-401e05d64c65}</UniqueIdentifier>
    </Filter>
    <Filter Include="graphics\simple2d">
      <UniqueIdentifier>{f1a5bdf5-2aa4-410c-bbc5-4a9999275192}</UniqueIdentifier>
    </Filter>
    <Filter Include="functional\operations">
      <UniqueIdentifier>{c5d089a2-c508-4683-9261-48525a742e33}</UniqueIdentifier>
    </Filter>
    <Filter Include="meta">
      <UniqueIdentifier>{a6dcd893-2028-4f4d-b4fd-ce82d22321c1}</UniqueIdentifier>
    </Filter>
  </ItemGroup>
  <ItemGroup>
    <ClCompile Include="lib\pch.cpp" />
    <ClCompile Include="lib\graphics\opengl\dynamic_vertex_buffer.cpp">
      <Filter>graphics\opengl</Filter>
    </ClCompile>
    <ClCompile Include="lib\graphics\opengl\index_buffer.cpp">
      <Filter>graphics\opengl</Filter>
    </ClCompile>
    <ClCompile Include="lib\graphics\opengl\render_target.cpp">
      <Filter>graphics\opengl</Filter>
    </ClCompile>
    <ClCompile Include="lib\graphics\opengl\state.cpp">
      <Filter>graphics\opengl</Filter>
    </ClCompile>
    <ClCompile Include="lib\graphics\opengl\technique.cpp">
      <Filter>graphics\opengl</Filter>
    </ClCompile>
    <ClCompile Include="lib\graphics\opengl\texture2d.cpp">
      <Filter>graphics\opengl</Filter>
    </ClCompile>
    <ClCompile Include="lib\graphics\opengl\vertex_array.cpp">
      <Filter>graphics\opengl</Filter>
    </ClCompile>
    <ClCompile Include="lib\graphics\opengl\vertex_buffer.cpp">
      <Filter>graphics\opengl</Filter>
    </ClCompile>
    <ClCompile Include="lib\app\application.cpp">
      <Filter>app</Filter>
    </ClCompile>
    <ClCompile Include="lib\app\window.cpp">
      <Filter>app</Filter>
    </ClCompile>
    <ClCompile Include="lib\imgui.cpp" />
    <ClCompile Include="lib\input\input.cpp">
      <Filter>input</Filter>
    </ClCompile>
    <ClCompile Include="lib\input\key_names.cpp">
      <Filter>input</Filter>
    </ClCompile>
    <ClCompile Include="lib\graphics\batch.cpp">
      <Filter>graphics</Filter>
    </ClCompile>
    <ClCompile Include="lib\graphics\opengl\index_type.cpp">
      <Filter>graphics\opengl</Filter>
    </ClCompile>
    <ClCompile Include="lib\content\archive.cpp">
      <Filter>content</Filter>
    </ClCompile>
    <ClCompile Include="lib\content\content.cpp">
      <Filter>content</Filter>
    </ClCompile>
    <ClCompile Include="lib\math\math.cpp">
      <Filter>math</Filter>
    </ClCompile>
    <ClCompile Include="lib\graphics\simple2d\plain_color_2d_batch.cpp">
      <Filter>graphics\simple2d</Filter>
    </ClCompile>
    <ClCompile Include="lib\util\util.cpp">
      <Filter>util</Filter>
    </ClCompile>
    <ClCompile Include="lib\graphics\opengl\parameters.cpp">
      <Filter>graphics\opengl</Filter>
    </ClCompile>
    <ClCompile Include="lib\graphics\opengl\enum\enum.cpp">
      <Filter>graphics\opengl\enum</Filter>
    </ClCompile>
    <ClCompile Include="lib\graphics\simple2d\renderer.cpp">
      <Filter>graphics\simple2d</Filter>
    </ClCompile>
  </ItemGroup>
  <ItemGroup>
    <ClInclude Include="lib\pch.h" />
    <ClInclude Include="include\EvoNDZ\app\application.h">
      <Filter>app</Filter>
    </ClInclude>
    <ClInclude Include="include\EvoNDZ\app\glad_exception.h">
      <Filter>app</Filter>
    </ClInclude>
    <ClInclude Include="include\EvoNDZ\app\glfw_exception.h">
      <Filter>app</Filter>
    </ClInclude>
    <ClInclude Include="include\EvoNDZ\app\network_exception.h">
      <Filter>app</Filter>
    </ClInclude>
    <ClInclude Include="include\EvoNDZ\app\scene.h">
      <Filter>app</Filter>
    </ClInclude>
    <ClInclude Include="include\EvoNDZ\app\window.h">
      <Filter>app</Filter>
    </ClInclude>
    <ClInclude Include="include\EvoNDZ\debug\logger.h">
      <Filter>debug</Filter>
    </ClInclude>
    <ClInclude Include="include\EvoNDZ\graphics\opengl\dynamic_vertex_buffer.h">
      <Filter>graphics\opengl</Filter>
    </ClInclude>
    <ClInclude Include="include\EvoNDZ\graphics\opengl\index_buffer.h">
      <Filter>graphics\opengl</Filter>
    </ClInclude>
    <ClInclude Include="include\EvoNDZ\graphics\opengl\render_target.h">
      <Filter>graphics\opengl</Filter>
    </ClInclude>
    <ClInclude Include="include\EvoNDZ\graphics\opengl\state.h">
      <Filter>graphics\opengl</Filter>
    </ClInclude>
    <ClInclude Include="include\EvoNDZ\graphics\opengl\technique.h">
      <Filter>graphics\opengl</Filter>
    </ClInclude>
    <ClInclude Include="include\EvoNDZ\graphics\opengl\texture2d.h">
      <Filter>graphics\opengl</Filter>
    </ClInclude>
    <ClInclude Include="include\EvoNDZ\graphics\opengl\types.h">
      <Filter>graphics\opengl</Filter>
    </ClInclude>
    <ClInclude Include="include\EvoNDZ\graphics\opengl\vertex_array.h">
      <Filter>graphics\opengl</Filter>
    </ClInclude>
    <ClInclude Include="include\EvoNDZ\graphics\opengl\vertex_buffer.h">
      <Filter>graphics\opengl</Filter>
    </ClInclude>
    <ClInclude Include="include\EvoNDZ\input\input.h">
      <Filter>input</Filter>
    </ClInclude>
    <ClInclude Include="include\EvoNDZ\input\key.h">
      <Filter>input</Filter>
    </ClInclude>
    <ClInclude Include="include\EvoNDZ\math\math.h">
      <Filter>math</Filter>
    </ClInclude>
    <ClInclude Include="include\EvoNDZ\math\point.h">
      <Filter>math</Filter>
    </ClInclude>
    <ClInclude Include="include\EvoNDZ\math\vector2.h">
      <Filter>math</Filter>
    </ClInclude>
    <ClInclude Include="include\EvoNDZ\math\vector3.h">
      <Filter>math</Filter>
    </ClInclude>
    <ClInclude Include="include\EvoNDZ\util\compiler.h">
      <Filter>util</Filter>
    </ClInclude>
    <ClInclude Include="include\EvoNDZ\util\concepts.h">
      <Filter>util</Filter>
    </ClInclude>
    <ClInclude Include="include\EvoNDZ\util\exception.h">
      <Filter>util</Filter>
    </ClInclude>
    <ClInclude Include="include\EvoNDZ\util\platform.h">
      <Filter>util</Filter>
    </ClInclude>
    <ClInclude Include="include\EvoNDZ\util\type_traits.h">
      <Filter>util</Filter>
    </ClInclude>
    <ClInclude Include="include\EvoNDZ\util\event.h">
      <Filter>util</Filter>
    </ClInclude>
    <ClInclude Include="include\EvoNDZ\util\timer.h">
      <Filter>util</Filter>
    </ClInclude>
    <ClInclude Include="include\EvoNDZ\math\matrix4.h">
      <Filter>math</Filter>
    </ClInclude>
    <ClInclude Include="include\EvoNDZ\math\quaternion.h">
      <Filter>math</Filter>
    </ClInclude>
    <ClInclude Include="include\EvoNDZ\graphics\opengl\index_type.h">
      <Filter>graphics\opengl</Filter>
    </ClInclude>
    <ClInclude Include="include\EvoNDZ\graphics\batch.h">
      <Filter>graphics</Filter>
    </ClInclude>
    <ClInclude Include="include\EvoNDZ\content\archive.h">
      <Filter>content</Filter>
    </ClInclude>
    <ClInclude Include="include\EvoNDZ\data\array.h">
      <Filter>data</Filter>
    </ClInclude>
    <ClInclude Include="include\EvoNDZ\cli\command_group.h">
      <Filter>cli</Filter>
    </ClInclude>
    <ClInclude Include="include\EvoNDZ\cli\wait_for_input.h">
      <Filter>cli</Filter>
    </ClInclude>
    <ClInclude Include="include\EvoNDZ\cli\command_task.h">
      <Filter>cli</Filter>
    </ClInclude>
    <ClInclude Include="include\EvoNDZ\cli\command_manager.h">
      <Filter>cli</Filter>
    </ClInclude>
    <ClInclude Include="include\EvoNDZ\cli\util.h">
      <Filter>cli</Filter>
    </ClInclude>
    <ClInclude Include="include\EvoNDZ\util\bytes.h">
      <Filter>util</Filter>
    </ClInclude>
    <ClInclude Include="include\EvoNDZ\util\util.h">
      <Filter>util</Filter>
    </ClInclude>
    <ClInclude Include="include\EvoNDZ\util\string_key.h">
      <Filter>util</Filter>
    </ClInclude>
    <ClInclude Include="include\EvoNDZ\content\reference.h">
      <Filter>content</Filter>
    </ClInclude>
    <ClInclude Include="include\EvoNDZ\content\name.h">
      <Filter>content</Filter>
    </ClInclude>
    <ClInclude Include="include\EvoNDZ\content\content.h">
      <Filter>content</Filter>
    </ClInclude>
    <ClInclude Include="include\EvoNDZ\math\matrix3.h">
      <Filter>math</Filter>
    </ClInclude>
    <ClInclude Include="include\EvoNDZ\data\lazy.h">
      <Filter>data</Filter>
    </ClInclude>
    <ClInclude Include="include\EvoNDZ\graphics\camera2d.h">
      <Filter>graphics</Filter>
    </ClInclude>
    <ClInclude Include="include\EvoNDZ\graphics\simple2d\plain_color_2d_batch.h">
      <Filter>graphics\simple2d</Filter>
    </ClInclude>
    <ClInclude Include="include\EvoNDZ\graphics\simple2d\shape_batch.h">
      <Filter>graphics\simple2d</Filter>
    </ClInclude>
    <ClInclude Include="include\EvoNDZ\graphics\opengl\enum\buffer_usage.h">
      <Filter>graphics\opengl\enum</Filter>
    </ClInclude>
    <ClInclude Include="include\EvoNDZ\graphics\opengl\enum\capability.h">
      <Filter>graphics\opengl\enum</Filter>
    </ClInclude>
    <ClInclude Include="include\EvoNDZ\graphics\opengl\enum\draw_mode.h">
      <Filter>graphics\opengl\enum</Filter>
    </ClInclude>
    <ClInclude Include="include\EvoNDZ\graphics\opengl\enum\shader_type.h">
      <Filter>graphics\opengl\enum</Filter>
    </ClInclude>
    <ClInclude Include="include\EvoNDZ\graphics\opengl\enum\storage_flags.h">
      <Filter>graphics\opengl\enum</Filter>
    </ClInclude>
    <ClInclude Include="include\EvoNDZ\graphics\opengl\enum\texture_format.h">
      <Filter>graphics\opengl\enum</Filter>
    </ClInclude>
    <ClInclude Include="include\EvoNDZ\util\integer.h">
      <Filter>util</Filter>
    </ClInclude>
    <ClInclude Include="include\EvoNDZ\data\property.h">
      <Filter>data</Filter>
    </ClInclude>
    <ClInclude Include="include\EvoNDZ\graphics\opengl\parameters.h">
      <Filter>graphics\opengl</Filter>
    </ClInclude>
    <ClInclude Include="include\EvoNDZ\graphics\opengl\enum\blend_factor.h">
      <Filter>graphics\opengl\enum</Filter>
    </ClInclude>
    <ClInclude Include="include\EvoNDZ\graphics\opengl\enum\depth_function.h">
      <Filter>graphics\opengl\enum</Filter>
    </ClInclude>
    <ClInclude Include="include\EvoNDZ\graphics\opengl\enum\logical_pixel_operation.h">
      <Filter>graphics\opengl\enum</Filter>
    </ClInclude>
    <ClInclude Include="include\EvoNDZ\graphics\opengl\enum\blend_equation.h">
      <Filter>graphics\opengl\enum</Filter>
    </ClInclude>
    <ClInclude Include="include\EvoNDZ\graphics\opengl\enum\buffer_bit.h">
      <Filter>graphics\opengl\enum</Filter>
    </ClInclude>
    <ClInclude Include="include\EvoNDZ\graphics\simple2d\renderer.h">
      <Filter>graphics\simple2d</Filter>
    </ClInclude>
    <ClInclude Include="include\EvoNDZ\util\color3.h">
      <Filter>util</Filter>
    </ClInclude>
    <ClInclude Include="include\EvoNDZ\util\color4.h">
      <Filter>util</Filter>
    </ClInclude>
    <ClInclude Include="include\EvoNDZ\math\vector4.h">
      <Filter>math</Filter>
    </ClInclude>
    <ClInclude Include="include\EvoNDZ\math\geometry.h">
      <Filter>math</Filter>
    </ClInclude>
    <ClInclude Include="include\EvoNDZ\math\figure.h">
      <Filter>math</Filter>
    </ClInclude>
    <ClInclude Include="include\EvoNDZ\data\limited_stack.h">
      <Filter>data</Filter>
    </ClInclude>
    <ClInclude Include="include\EvoNDZ\math\vector.h">
      <Filter>math</Filter>
    </ClInclude>
    <ClInclude Include="include\EvoNDZ\math\line_equation.h">
      <Filter>math</Filter>
    </ClInclude>
    <ClInclude Include="include\EvoNDZ\math\segment.h">
      <Filter>math</Filter>
    </ClInclude>
    <ClInclude Include="include\EvoNDZ\math\ball.h">
      <Filter>math</Filter>
    </ClInclude>
    <ClInclude Include="include\EvoNDZ\math\box.h">
      <Filter>math</Filter>
    </ClInclude>
    <ClInclude Include="include\EvoNDZ\math\line.h">
      <Filter>math</Filter>
    </ClInclude>
    <ClInclude Include="include\EvoNDZ\math\ray.h">
      <Filter>math</Filter>
    </ClInclude>
    <ClInclude Include="include\EvoNDZ\math\triangle.h">
      <Filter>math</Filter>
    </ClInclude>
    <ClInclude Include="include\EvoNDZ\data\util.h">
      <Filter>data</Filter>
    </ClInclude>
    <ClInclude Include="include\EvoNDZ\functional\functor.h">
      <Filter>functional</Filter>
    </ClInclude>
    <ClInclude Include="include\EvoNDZ\functional\function.h">
      <Filter>functional</Filter>
    </ClInclude>
    <ClInclude Include="include\EvoNDZ\functional\bifunctor.h">
      <Filter>functional</Filter>
    </ClInclude>
    <ClInclude Include="include\EvoNDZ\util\array.h">
      <Filter>util</Filter>
    </ClInclude>
    <ClInclude Include="include\EvoNDZ\functional\category.h">
      <Filter>functional</Filter>
    </ClInclude>
    <ClInclude Include="include\EvoNDZ\functional\operation.h">
      <Filter>functional</Filter>
    </ClInclude>
    <ClInclude Include="include\EvoNDZ\functional\operations\boolean.h">
      <Filter>functional\operations</Filter>
    </ClInclude>
    <ClInclude Include="include\EvoNDZ\functional\set.h">
      <Filter>functional</Filter>
    </ClInclude>
    <ClInclude Include="include\EvoNDZ\functional\operations\natural.h">
      <Filter>functional\operations</Filter>
    </ClInclude>
    <ClInclude Include="include\EvoNDZ\meta\assumption.h">
      <Filter>meta</Filter>
    </ClInclude>
    <ClInclude Include="include\EvoNDZ\meta\type_pack.h">
      <Filter>meta</Filter>
    </ClInclude>
    <ClInclude Include="include\EvoNDZ\meta\macro.h">
      <Filter>meta</Filter>
    </ClInclude>
    <ClInclude Include="include\EvoNDZ\meta\sstring.h">
      <Filter>meta</Filter>
    </ClInclude>
    <ClInclude Include="include\EvoNDZ\data\open_hash_table.h">
      <Filter>data</Filter>
    </ClInclude>
    <ClInclude Include="include\EvoNDZ\data\open_set.h">
      <Filter>data</Filter>
    </ClInclude>
    <ClInclude Include="include\EvoNDZ\data\open_map.h">
      <Filter>data</Filter>
    </ClInclude>
    <ClInclude Include="include\EvoNDZ\math\concepts.h">
      <Filter>math</Filter>
    </ClInclude>
    <ClInclude Include="include\EvoNDZ\math\traits.h">
      <Filter>math</Filter>
    </ClInclude>
    <ClInclude Include="include\EvoNDZ\util\enum.h">
      <Filter>util</Filter>
    </ClInclude>
  </ItemGroup>
</Project>